<Solution>
  <Folder Name="/Behavioral/" />
  <Folder Name="/Behavioral/Strategy/">
    <Project Path="Behavioral/Strategy/DataExporter/DataExporter.csproj" />
    <Project Path="Behavioral/Strategy/DiscountCalculator/DiscountCalculator.csproj" />
  </Folder>
  <Folder Name="/Behavioral/Observer/">
    <Project Path="Behavioral/Observer/OnlineStore/OnlineStore.csproj" />
  </Folder>
  <Folder Name="/Creational/FactoryMethod/">
    <Project Path="Creational/FactoryMethod/01-LogisticsPlanner/Start/LogisticsPlanner.Start.csproj" />
    <Project Path="Creational/FactoryMethod/01-LogisticsPlanner/Solution/LogisticsPlanner.Solution.csproj" />
  </Folder>
</Solution>
